
Microsoft Visual Studio Solution File, Format Version 12.00
# Visual Studio Version 16
VisualStudioVersion = 16.0.30503.244
MinimumVisualStudioVersion = 10.0.40219.1
Project("{FAE04EC0-301F-11D3-BF4B-00C04F79EFBC}") = "Gruempeliturnier", "Gruempeliturnier\Gruempeliturnier.csproj", "{5042E238-BD50-4380-837B-5A38A2BD3D7E}"
EndProject
Global
	GlobalSection(SolutionConfigurationPlatforms) = preSolution
		Debug|Any CPU = Debug|Any CPU
		Release|Any CPU = Release|Any CPU
	EndGlobalSection
	GlobalSection(ProjectConfigurationPlatforms) = postSolution
		{5042E238-BD50-4380-837B-5A38A2BD3D7E}.Debug|Any CPU.ActiveCfg = Debug|Any CPU
		{5042E238-BD50-4380-837B-5A38A2BD3D7E}.Debug|Any CPU.Build.0 = Debug|Any CPU
		{5042E238-BD50-4380-837B-5A38A2BD3D7E}.Release|Any CPU.ActiveCfg = Release|Any CPU
		{5042E238-BD50-4380-837B-5A38A2BD3D7E}.Release|Any CPU.Build.0 = Release|Any CPU
	EndGlobalSection
	GlobalSection(SolutionProperties) = preSolution
		HideSolutionNode = FALSE
	EndGlobalSection
	GlobalSection(ExtensibilityGlobals) = postSolution
		SolutionGuid = {6DF19A3F-8734-4FF8-B2AB-CF99A41CDD0A}
	EndGlobalSection
EndGlobal
